{
  "nodes": {
    "brew-src": {
      "flake": false,
      "locked": {
        "lastModified": 1748658199,
        "narHash": "sha256-xmI9Bk8zDWgmvJlPpeHZk9yHCZPG5uxZH9VmdEdWCkU=",
        "owner": "Homebrew",
        "repo": "brew",
        "rev": "54c8b127ea2263fbbaf1354e3d8d86025e387ea6",
        "type": "github"
      },
      "original": {
        "owner": "Homebrew",
        "ref": "4.5.4",
        "repo": "brew",
        "type": "github"
      }
    },
    "darwin": {
      "inputs": {
        "nixpkgs": [
          "nixpkgs"
        ]
      },
      "locked": {
        "lastModified": 1748373722,
        "narHash": "sha256-qi6aDGP2W6GyAUNEhg+slQWEpUiJ8LNIrQkmxHpzadI=",
        "owner": "LnL7",
        "repo": "nix-darwin",
        "rev": "75b99daa12b1fffd646d6c3cf13b06f1fa5cef63",
        "type": "github"
      },
      "original": {
        "owner": "LnL7",
        "ref": "nix-darwin-25.05",
        "repo": "nix-darwin",
        "type": "github"
      }
    },
    "flake-utils": {
      "inputs": {
        "systems": "systems"
      },
      "locked": {
        "lastModified": 1731533236,
        "narHash": "sha256-l0KFg5HjrsfsO/JpG+r7fRrqm12kzFHyUHqHCVpMMbI=",
        "owner": "numtide",
        "repo": "flake-utils",
        "rev": "11707dc2f618dd54ca8739b309ec4fc024de578b",
        "type": "github"
      },
      "original": {
        "owner": "numtide",
        "repo": "flake-utils",
        "type": "github"
      }
    },
    "home-manager": {
      "inputs": {
        "nixpkgs": [
          "nixpkgs"
        ]
      },
      "locked": {
        "lastModified": 1748665073,
        "narHash": "sha256-RMhjnPKWtCoIIHiuR9QKD7xfsKb3agxzMfJY8V9MOew=",
        "owner": "nix-community",
        "repo": "home-manager",
        "rev": "282e1e029cb6ab4811114fc85110613d72771dea",
        "type": "github"
      },
      "original": {
        "owner": "nix-community",
        "ref": "release-25.05",
        "repo": "home-manager",
        "type": "github"
      }
    },
    "nix-homebrew": {
      "inputs": {
        "brew-src": "brew-src"
      },
      "locked": {
        "lastModified": 1748885738,
        "narHash": "sha256-fsOHwWowjhajWL5zsWiN5SdeKPNQa0RD3+sQUoH5VgQ=",
        "owner": "zhaofengli-wip",
        "repo": "nix-homebrew",
        "rev": "29fe08d458f227200a62e38f5d5eafe625d7fda3",
        "type": "github"
      },
      "original": {
        "owner": "zhaofengli-wip",
        "repo": "nix-homebrew",
        "type": "github"
      }
    },
    "nixpkgs": {
      "locked": {
        "lastModified": 1748889542,
        "narHash": "sha256-Hb4iMhIbjX45GcrgOp3b8xnyli+ysRPqAgZ/LZgyT5k=",
        "owner": "NixOS",
        "repo": "nixpkgs",
        "rev": "10d7f8d34e5eb9c0f9a0485186c1ca691d2c5922",
        "type": "github"
      },
      "original": {
        "owner": "NixOS",
        "ref": "nixos-25.05",
        "repo": "nixpkgs",
        "type": "github"
      }
    },
    "nixpkgs-unstable": {
      "locked": {
        "lastModified": 1748693115,
        "narHash": "sha256-StSrWhklmDuXT93yc3GrTlb0cKSS0agTAxMGjLKAsY8=",
        "owner": "nixos",
        "repo": "nixpkgs",
        "rev": "910796cabe436259a29a72e8d3f5e180fc6dfacc",
        "type": "github"
      },
      "original": {
        "owner": "nixos",
        "ref": "nixos-unstable",
        "repo": "nixpkgs",
        "type": "github"
      }
    },
    "root": {
      "inputs": {
        "darwin": "darwin",
        "flake-utils": "flake-utils",
        "home-manager": "home-manager",
        "nix-homebrew": "nix-homebrew",
        "nixpkgs": "nixpkgs",
        "nixpkgs-unstable": "nixpkgs-unstable"
      }
    },
    "systems": {
      "locked": {
        "lastModified": 1681028828,
        "narHash": "sha256-Vy1rq5AaRuLzOxct8nz4T6wlgyUR7zLU309k9mBC768=",
        "owner": "nix-systems",
        "repo": "default",
        "rev": "da67096a3b9bf56a91d16901293e51ba5b49a27e",
        "type": "github"
      },
      "original": {
        "owner": "nix-systems",
        "repo": "default",
        "type": "github"
      }
    }
  },
  "root": "root",
  "version": 7
}
